{
  "version": 4,
  "terraform_version": "1.16.3",
  "serial": 6,
  "lineage": "5ab65386-32fa-faf6-0dcf-8552d00a306b",
  "outputs": {
    "network_name": {
      "value": "sachin-infra-network",
      "type": "string"
    }
  },
  "resources": [
    {
      "module": "module.network",
      "mode": "managed",
      "type": "docker_network",
      "name": "backend",
      "provider": "provider[\"registry.terraform.io/kreuzwerker/docker\"]",
      "instances": [
        {
          "schema_version": 1,
          "attributes": {
            "attachable": false,
            "check_duplicate": null,
            "driver": "bridge",
            "id": "8e8fa2185c860fd1196f694d8b0f8c6abc0bd082c60a7aa657da86feb8f1f8fe",
            "ingress": false,
            "internal": false,
            "ipam_config": [
              {
                "aux_address": {},
                "gateway": "172.18.0.1",
                "ip_range": "",
                "subnet": "172.18.0.0/16"
              }
            ],
            "ipam_driver": "default",
            "ipam_options": null,
            "ipv6": false,
            "labels": [],
            "name": "sachin-infra-network",
            "options": {
              "com.docker.network.enable_ipv4": "true",
              "com.docker.network.enable_ipv6": "false"
            },
            "scope": "local"
          },
          "sensitive_attributes": [],
          "identity_schema_version": 0,
          "private": "eyJzY2hlbWFfdmVyc2lvbiI6IjEifQ=="
        }
      ]
    }
  ],
  "check_results": [
    {
      "object_kind": "var",
      "config_addr": "var.network_name",
      "status": "pass",
      "objects": [
        {
          "object_addr": "var.network_name",
          "status": "pass"
        }
      ]
    },
    {
      "object_kind": "var",
      "config_addr": "var.network_driver",
      "status": "pass",
      "objects": [
        {
          "object_addr": "var.network_driver",
          "status": "pass"
        }
      ]
    }
  ]
}
